// !$*UTF8*$!
{
	archiveVersion = 1;
	classes = {
	};
	objectVersion = 46;
	objects = {

/* Begin PBXBuildFile section */
		FEE62AF01EAAECD30009F874 /* main.m in Sources */ = {isa = PBXBuildFile; fileRef = FEE62AEF1EAAECD30009F874 /* main.m */; };
		FEE62AF91EAAECD30009F874 /* Main.storyboard in Resources */ = {isa = PBXBuildFile; fileRef = FEE62AF71EAAECD30009F874 /* Main.storyboard */; };
		FEE62AFB1EAAECD30009F874 /* Assets.xcassets in Resources */ = {isa = PBXBuildFile; fileRef = FEE62AFA1EAAECD30009F874 /* Assets.xcassets */; };
		FEE62AFE1EAAECD30009F874 /* LaunchScreen.storyboard in Resources */ = {isa = PBXBuildFile; fileRef = FEE62AFC1EAAECD30009F874 /* LaunchScreen.storyboard */; };
		FEE62B091EAAECD30009F874 /* SinaWeiboTests.m in Sources */ = {isa = PBXBuildFile; fileRef = FEE62B081EAAECD30009F874 /* SinaWeiboTests.m */; };
		FEE62B141EAAECD40009F874 /* SinaWeiboUITests.m in Sources */ = {isa = PBXBuildFile; fileRef = FEE62B131EAAECD40009F874 /* SinaWeiboUITests.m */; };
		FEE62B461EAAFA0F0009F874 /* MyComposeViewController.m in Sources */ = {isa = PBXBuildFile; fileRef = FEE62B451EAAFA0F0009F874 /* MyComposeViewController.m */; };
		FEE62B491EAAFA3B0009F874 /* MyKeyboard.m in Sources */ = {isa = PBXBuildFile; fileRef = FEE62B481EAAFA3B0009F874 /* MyKeyboard.m */; };
		FEE62B4C1EAAFA520009F874 /* MyEmotion.m in Sources */ = {isa = PBXBuildFile; fileRef = FEE62B4B1EAAFA520009F874 /* MyEmotion.m */; };
		FEE62B4F1EAAFA750009F874 /* MyDiscoverViewController.m in Sources */ = {isa = PBXBuildFile; fileRef = FEE62B4E1EAAFA750009F874 /* MyDiscoverViewController.m */; };
		FEE62B521EAAFAC80009F874 /* MyOption.m in Sources */ = {isa = PBXBuildFile; fileRef = FEE62B511EAAFAC80009F874 /* MyOption.m */; };
		FEE62B551EAAFAE20009F874 /* MyDiscoverCell.m in Sources */ = {isa = PBXBuildFile; fileRef = FEE62B541EAAFAE20009F874 /* MyDiscoverCell.m */; };
		FEE62B581EAAFAFD0009F874 /* MyHomeController.m in Sources */ = {isa = PBXBuildFile; fileRef = FEE62B571EAAFAFD0009F874 /* MyHomeController.m */; };
		FEE62B5B1EAAFB130009F874 /* MyStatus.m in Sources */ = {isa = PBXBuildFile; fileRef = FEE62B5A1EAAFB130009F874 /* MyStatus.m */; };
		FEE62B5E1EAAFB380009F874 /* MyStatusCell.m in Sources */ = {isa = PBXBuildFile; fileRef = FEE62B5D1EAAFB380009F874 /* MyStatusCell.m */; };
		FEE62B611EAAFB600009F874 /* MyMainTabBarController.m in Sources */ = {isa = PBXBuildFile; fileRef = FEE62B601EAAFB600009F874 /* MyMainTabBarController.m */; };
		FEE62B641EAAFB750009F874 /* MyTabBar.m in Sources */ = {isa = PBXBuildFile; fileRef = FEE62B631EAAFB750009F874 /* MyTabBar.m */; };
		FEE62B671EAAFB8B0009F874 /* MyUserInfo.m in Sources */ = {isa = PBXBuildFile; fileRef = FEE62B661EAAFB8B0009F874 /* MyUserInfo.m */; };
		FEE62B6A1EAAFBA40009F874 /* MyMessageController.m in Sources */ = {isa = PBXBuildFile; fileRef = FEE62B691EAAFBA40009F874 /* MyMessageController.m */; };
		FEE62B6D1EAAFBB80009F874 /* MyMessageCell.m in Sources */ = {isa = PBXBuildFile; fileRef = FEE62B6C1EAAFBB80009F874 /* MyMessageCell.m */; };
		FEE62B701EAAFBCD0009F874 /* MyMessaage.m in Sources */ = {isa = PBXBuildFile; fileRef = FEE62B6F1EAAFBCD0009F874 /* MyMessaage.m */; };
		FEE62B731EAAFBEA0009F874 /* MyProfileController.m in Sources */ = {isa = PBXBuildFile; fileRef = FEE62B721EAAFBEA0009F874 /* MyProfileController.m */; };
		FEE62B761EAAFC020009F874 /* MyProfileCell.m in Sources */ = {isa = PBXBuildFile; fileRef = FEE62B751EAAFC020009F874 /* MyProfileCell.m */; };
		FEE62B791EAAFC140009F874 /* MyOption.m in Sources */ = {isa = PBXBuildFile; fileRef = FEE62B781EAAFC140009F874 /* MyOption.m */; };
		FEE62B7C1EAAFC310009F874 /* MyNewfeatureController.m in Sources */ = {isa = PBXBuildFile; fileRef = FEE62B7B1EAAFC310009F874 /* MyNewfeatureController.m */; };
		FEE62B7F1EAAFCA00009F874 /* MyView.m in Sources */ = {isa = PBXBuildFile; fileRef = FEE62B7E1EAAFCA00009F874 /* MyView.m */; };
		FEE62B821EAAFCB50009F874 /* MyFeature.m in Sources */ = {isa = PBXBuildFile; fileRef = FEE62B811EAAFCB50009F874 /* MyFeature.m */; };
		FEE62B861EAB0DC90009F874 /* AppDelegate.m in Sources */ = {isa = PBXBuildFile; fileRef = FEE62B851EAB0DC90009F874 /* AppDelegate.m */; };
/* End PBXBuildFile section */

/* Begin PBXContainerItemProxy section */
		FEE62B051EAAECD30009F874 /* PBXContainerItemProxy */ = {
			isa = PBXContainerItemProxy;
			containerPortal = FEE62AE31EAAECD10009F874 /* Project object */;
			proxyType = 1;
			remoteGlobalIDString = FEE62AEA1EAAECD10009F874;
			remoteInfo = SinaWeibo;
		};
		FEE62B101EAAECD40009F874 /* PBXContainerItemProxy */ = {
			isa = PBXContainerItemProxy;
			containerPortal = FEE62AE31EAAECD10009F874 /* Project object */;
			proxyType = 1;
			remoteGlobalIDString = FEE62AEA1EAAECD10009F874;
			remoteInfo = SinaWeibo;
		};
/* End PBXContainerItemProxy section */

/* Begin PBXFileReference section */
		FEE62AEB1EAAECD20009F874 /* SinaWeibo.app */ = {isa = PBXFileReference; explicitFileType = wrapper.application; includeInIndex = 0; path = SinaWeibo.app; sourceTree = BUILT_PRODUCTS_DIR; };
		FEE62AEF1EAAECD30009F874 /* main.m */ = {isa = PBXFileReference; lastKnownFileType = sourcecode.c.objc; path = main.m; sourceTree = "<group>"; };
		FEE62AF81EAAECD30009F874 /* Base */ = {isa = PBXFileReference; lastKnownFileType = file.storyboard; name = Base; path = Base.lproj/Main.storyboard; sourceTree = "<group>"; };
		FEE62AFA1EAAECD30009F874 /* Assets.xcassets */ = {isa = PBXFileReference; lastKnownFileType = folder.assetcatalog; path = Assets.xcassets; sourceTree = "<group>"; };
		FEE62AFD1EAAECD30009F874 /* Base */ = {isa = PBXFileReference; lastKnownFileType = file.storyboard; name = Base; path = Base.lproj/LaunchScreen.storyboard; sourceTree = "<group>"; };
		FEE62AFF1EAAECD30009F874 /* Info.plist */ = {isa = PBXFileReference; lastKnownFileType = text.plist.xml; path = Info.plist; sourceTree = "<group>"; };
		FEE62B041EAAECD30009F874 /* SinaWeiboTests.xctest */ = {isa = PBXFileReference; explicitFileType = wrapper.cfbundle; includeInIndex = 0; path = SinaWeiboTests.xctest; sourceTree = BUILT_PRODUCTS_DIR; };
		FEE62B081EAAECD30009F874 /* SinaWeiboTests.m */ = {isa = PBXFileReference; lastKnownFileType = sourcecode.c.objc; path = SinaWeiboTests.m; sourceTree = "<group>"; };
		FEE62B0A1EAAECD30009F874 /* Info.plist */ = {isa = PBXFileReference; lastKnownFileType = text.plist.xml; path = Info.plist; sourceTree = "<group>"; };
		FEE62B0F1EAAECD40009F874 /* SinaWeiboUITests.xctest */ = {isa = PBXFileReference; explicitFileType = wrapper.cfbundle; includeInIndex = 0; path = SinaWeiboUITests.xctest; sourceTree = BUILT_PRODUCTS_DIR; };
		FEE62B131EAAECD40009F874 /* SinaWeiboUITests.m */ = {isa = PBXFileReference; lastKnownFileType = sourcecode.c.objc; path = SinaWeiboUITests.m; sourceTree = "<group>"; };
		FEE62B151EAAECD40009F874 /* Info.plist */ = {isa = PBXFileReference; lastKnownFileType = text.plist.xml; path = Info.plist; sourceTree = "<group>"; };
		FEE62B441EAAFA0F0009F874 /* MyComposeViewController.h */ = {isa = PBXFileReference; fileEncoding = 4; lastKnownFileType = sourcecode.c.h; path = MyComposeViewController.h; sourceTree = "<group>"; };
		FEE62B451EAAFA0F0009F874 /* MyComposeViewController.m */ = {isa = PBXFileReference; fileEncoding = 4; lastKnownFileType = sourcecode.c.objc; path = MyComposeViewController.m; sourceTree = "<group>"; };
		FEE62B471EAAFA3B0009F874 /* MyKeyboard.h */ = {isa = PBXFileReference; fileEncoding = 4; lastKnownFileType = sourcecode.c.h; path = MyKeyboard.h; sourceTree = "<group>"; };
		FEE62B481EAAFA3B0009F874 /* MyKeyboard.m */ = {isa = PBXFileReference; fileEncoding = 4; lastKnownFileType = sourcecode.c.objc; path = MyKeyboard.m; sourceTree = "<group>"; };
		FEE62B4A1EAAFA520009F874 /* MyEmotion.h */ = {isa = PBXFileReference; fileEncoding = 4; lastKnownFileType = sourcecode.c.h; path = MyEmotion.h; sourceTree = "<group>"; };
		FEE62B4B1EAAFA520009F874 /* MyEmotion.m */ = {isa = PBXFileReference; fileEncoding = 4; lastKnownFileType = sourcecode.c.objc; path = MyEmotion.m; sourceTree = "<group>"; };
		FEE62B4D1EAAFA750009F874 /* MyDiscoverViewController.h */ = {isa = PBXFileReference; fileEncoding = 4; lastKnownFileType = sourcecode.c.h; path = MyDiscoverViewController.h; sourceTree = "<group>"; };
		FEE62B4E1EAAFA750009F874 /* MyDiscoverViewController.m */ = {isa = PBXFileReference; fileEncoding = 4; lastKnownFileType = sourcecode.c.objc; path = MyDiscoverViewController.m; sourceTree = "<group>"; };
		FEE62B501EAAFAC80009F874 /* MyOption.h */ = {isa = PBXFileReference; fileEncoding = 4; lastKnownFileType = sourcecode.c.h; path = MyOption.h; sourceTree = "<group>"; };
		FEE62B511EAAFAC80009F874 /* MyOption.m */ = {isa = PBXFileReference; fileEncoding = 4; lastKnownFileType = sourcecode.c.objc; path = MyOption.m; sourceTree = "<group>"; };
		FEE62B531EAAFAE20009F874 /* MyDiscoverCell.h */ = {isa = PBXFileReference; fileEncoding = 4; lastKnownFileType = sourcecode.c.h; path = MyDiscoverCell.h; sourceTree = "<group>"; };
		FEE62B541EAAFAE20009F874 /* MyDiscoverCell.m */ = {isa = PBXFileReference; fileEncoding = 4; lastKnownFileType = sourcecode.c.objc; path = MyDiscoverCell.m; sourceTree = "<group>"; };
		FEE62B561EAAFAFD0009F874 /* MyHomeController.h */ = {isa = PBXFileReference; fileEncoding = 4; lastKnownFileType = sourcecode.c.h; path = MyHomeController.h; sourceTree = "<group>"; };
		FEE62B571EAAFAFD0009F874 /* MyHomeController.m */ = {isa = PBXFileReference; fileEncoding = 4; lastKnownFileType = sourcecode.c.objc; path = MyHomeController.m; sourceTree = "<group>"; };
		FEE62B591EAAFB130009F874 /* MyStatus.h */ = {isa = PBXFileReference; fileEncoding = 4; lastKnownFileType = sourcecode.c.h; path = MyStatus.h; sourceTree = "<group>"; };
		FEE62B5A1EAAFB130009F874 /* MyStatus.m */ = {isa = PBXFileReference; fileEncoding = 4; lastKnownFileType = sourcecode.c.objc; path = MyStatus.m; sourceTree = "<group>"; };
		FEE62B5C1EAAFB380009F874 /* MyStatusCell.h */ = {isa = PBXFileReference; fileEncoding = 4; lastKnownFileType = sourcecode.c.h; path = MyStatusCell.h; sourceTree = "<group>"; };
		FEE62B5D1EAAFB380009F874 /* MyStatusCell.m */ = {isa = PBXFileReference; fileEncoding = 4; lastKnownFileType = sourcecode.c.objc; path = MyStatusCell.m; sourceTree = "<group>"; };
		FEE62B5F1EAAFB600009F874 /* MyMainTabBarController.h */ = {isa = PBXFileReference; fileEncoding = 4; lastKnownFileType = sourcecode.c.h; path = MyMainTabBarController.h; sourceTree = "<group>"; };
		FEE62B601EAAFB600009F874 /* MyMainTabBarController.m */ = {isa = PBXFileReference; fileEncoding = 4; lastKnownFileType = sourcecode.c.objc; path = MyMainTabBarController.m; sourceTree = "<group>"; };
		FEE62B621EAAFB750009F874 /* MyTabBar.h */ = {isa = PBXFileReference; fileEncoding = 4; lastKnownFileType = sourcecode.c.h; path = MyTabBar.h; sourceTree = "<group>"; };
		FEE62B631EAAFB750009F874 /* MyTabBar.m */ = {isa = PBXFileReference; fileEncoding = 4; lastKnownFileType = sourcecode.c.objc; path = MyTabBar.m; sourceTree = "<group>"; };
		FEE62B651EAAFB8B0009F874 /* MyUserInfo.h */ = {isa = PBXFileReference; fileEncoding = 4; lastKnownFileType = sourcecode.c.h; path = MyUserInfo.h; sourceTree = "<group>"; };
		FEE62B661EAAFB8B0009F874 /* MyUserInfo.m */ = {isa = PBXFileReference; fileEncoding = 4; lastKnownFileType = sourcecode.c.objc; path = MyUserInfo.m; sourceTree = "<group>"; };
		FEE62B681EAAFBA40009F874 /* MyMessageController.h */ = {isa = PBXFileReference; fileEncoding = 4; lastKnownFileType = sourcecode.c.h; path = MyMessageController.h; sourceTree = "<group>"; };
		FEE62B691EAAFBA40009F874 /* MyMessageController.m */ = {isa = PBXFileReference; fileEncoding = 4; lastKnownFileType = sourcecode.c.objc; path = MyMessageController.m; sourceTree = "<group>"; };
		FEE62B6B1EAAFBB80009F874 /* MyMessageCell.h */ = {isa = PBXFileReference; fileEncoding = 4; lastKnownFileType = sourcecode.c.h; path = MyMessageCell.h; sourceTree = "<group>"; };
		FEE62B6C1EAAFBB80009F874 /* MyMessageCell.m */ = {isa = PBXFileReference; fileEncoding = 4; lastKnownFileType = sourcecode.c.objc; path = MyMessageCell.m; sourceTree = "<group>"; };
		FEE62B6E1EAAFBCD0009F874 /* MyMessaage.h */ = {isa = PBXFileReference; fileEncoding = 4; lastKnownFileType = sourcecode.c.h; path = MyMessaage.h; sourceTree = "<group>"; };
		FEE62B6F1EAAFBCD0009F874 /* MyMessaage.m */ = {isa = PBXFileReference; fileEncoding = 4; lastKnownFileType = sourcecode.c.objc; path = MyMessaage.m; sourceTree = "<group>"; };
		FEE62B711EAAFBEA0009F874 /* MyProfileController.h */ = {isa = PBXFileReference; fileEncoding = 4; lastKnownFileType = sourcecode.c.h; path = MyProfileController.h; sourceTree = "<group>"; };
		FEE62B721EAAFBEA0009F874 /* MyProfileController.m */ = {isa = PBXFileReference; fileEncoding = 4; lastKnownFileType = sourcecode.c.objc; path = MyProfileController.m; sourceTree = "<group>"; };
		FEE62B741EAAFC020009F874 /* MyProfileCell.h */ = {isa = PBXFileReference; fileEncoding = 4; lastKnownFileType = sourcecode.c.h; path = MyProfileCell.h; sourceTree = "<group>"; };
		FEE62B751EAAFC020009F874 /* MyProfileCell.m */ = {isa = PBXFileReference; fileEncoding = 4; lastKnownFileType = sourcecode.c.objc; path = MyProfileCell.m; sourceTree = "<group>"; };
		FEE62B771EAAFC140009F874 /* MyOption.h */ = {isa = PBXFileReference; fileEncoding = 4; lastKnownFileType = sourcecode.c.h; path = MyOption.h; sourceTree = "<group>"; };
		FEE62B781EAAFC140009F874 /* MyOption.m */ = {isa = PBXFileReference; fileEncoding = 4; lastKnownFileType = sourcecode.c.objc; path = MyOption.m; sourceTree = "<group>"; };
		FEE62B7A1EAAFC310009F874 /* MyNewfeatureController.h */ = {isa = PBXFileReference; fileEncoding = 4; lastKnownFileType = sourcecode.c.h; path = MyNewfeatureController.h; sourceTree = "<group>"; };
		FEE62B7B1EAAFC310009F874 /* MyNewfeatureController.m */ = {isa = PBXFileReference; fileEncoding = 4; lastKnownFileType = sourcecode.c.objc; path = MyNewfeatureController.m; sourceTree = "<group>"; };
		FEE62B7D1EAAFCA00009F874 /* MyView.h */ = {isa = PBXFileReference; fileEncoding = 4; lastKnownFileType = sourcecode.c.h; path = MyView.h; sourceTree = "<group>"; };
		FEE62B7E1EAAFCA00009F874 /* MyView.m */ = {isa = PBXFileReference; fileEncoding = 4; lastKnownFileType = sourcecode.c.objc; path = MyView.m; sourceTree = "<group>"; };
		FEE62B801EAAFCB50009F874 /* MyFeature.h */ = {isa = PBXFileReference; fileEncoding = 4; lastKnownFileType = sourcecode.c.h; path = MyFeature.h; sourceTree = "<group>"; };
		FEE62B811EAAFCB50009F874 /* MyFeature.m */ = {isa = PBXFileReference; fileEncoding = 4; lastKnownFileType = sourcecode.c.objc; path = MyFeature.m; sourceTree = "<group>"; };
		FEE62B841EAB0DC90009F874 /* AppDelegate.h */ = {isa = PBXFileReference; fileEncoding = 4; lastKnownFileType = sourcecode.c.h; path = AppDelegate.h; sourceTree = "<group>"; };
		FEE62B851EAB0DC90009F874 /* AppDelegate.m */ = {isa = PBXFileReference; fileEncoding = 4; lastKnownFileType = sourcecode.c.objc; path = AppDelegate.m; sourceTree = "<group>"; };
		FEE62B871EAB10B70009F874 /* SinaWeibo.pch */ = {isa = PBXFileReference; fileEncoding = 4; lastKnownFileType = sourcecode.c.h; path = SinaWeibo.pch; sourceTree = "<group>"; };
/* End PBXFileReference section */

/* Begin PBXFrameworksBuildPhase section */
		FEE62AE81EAAECD10009F874 /* Frameworks */ = {
			isa = PBXFrameworksBuildPhase;
			buildActionMask = 2147483647;
			files = (
			);
			runOnlyForDeploymentPostprocessing = 0;
		};
		FEE62B011EAAECD30009F874 /* Frameworks */ = {
			isa = PBXFrameworksBuildPhase;
			buildActionMask = 2147483647;
			files = (
			);
			runOnlyForDeploymentPostprocessing = 0;
		};
		FEE62B0C1EAAECD40009F874 /* Frameworks */ = {
			isa = PBXFrameworksBuildPhase;
			buildActionMask = 2147483647;
			files = (
			);
			runOnlyForDeploymentPostprocessing = 0;
		};
/* End PBXFrameworksBuildPhase section */

/* Begin PBXGroup section */
		FEE62AE21EAAECD10009F874 = {
			isa = PBXGroup;
			children = (
				FEE62AED1EAAECD20009F874 /* SinaWeibo */,
				FEE62B071EAAECD30009F874 /* SinaWeiboTests */,
				FEE62B121EAAECD40009F874 /* SinaWeiboUITests */,
				FEE62AEC1EAAECD20009F874 /* Products */,
			);
			sourceTree = "<group>";
		};
		FEE62AEC1EAAECD20009F874 /* Products */ = {
			isa = PBXGroup;
			children = (
				FEE62AEB1EAAECD20009F874 /* SinaWeibo.app */,
				FEE62B041EAAECD30009F874 /* SinaWeiboTests.xctest */,
				FEE62B0F1EAAECD40009F874 /* SinaWeiboUITests.xctest */,
			);
			name = Products;
			sourceTree = "<group>";
		};
		FEE62AED1EAAECD20009F874 /* SinaWeibo */ = {
			isa = PBXGroup;
			children = (
				FEE62B271EAAF8D50009F874 /* Classes */,
				FEE62AEE1EAAECD30009F874 /* Supporting Files */,
			);
			path = SinaWeibo;
			sourceTree = "<group>";
		};
		FEE62AEE1EAAECD30009F874 /* Supporting Files */ = {
			isa = PBXGroup;
			children = (
				FEE62AF71EAAECD30009F874 /* Main.storyboard */,
				FEE62AFC1EAAECD30009F874 /* LaunchScreen.storyboard */,
				FEE62AFA1EAAECD30009F874 /* Assets.xcassets */,
				FEE62AFF1EAAECD30009F874 /* Info.plist */,
				FEE62AEF1EAAECD30009F874 /* main.m */,
				FEE62B871EAB10B70009F874 /* SinaWeibo.pch */,
			);
			name = "Supporting Files";
			sourceTree = "<group>";
		};
		FEE62B071EAAECD30009F874 /* SinaWeiboTests */ = {
			isa = PBXGroup;
			children = (
				FEE62B081EAAECD30009F874 /* SinaWeiboTests.m */,
				FEE62B0A1EAAECD30009F874 /* Info.plist */,
			);
			path = SinaWeiboTests;
			sourceTree = "<group>";
		};
		FEE62B121EAAECD40009F874 /* SinaWeiboUITests */ = {
			isa = PBXGroup;
			children = (
				FEE62B131EAAECD40009F874 /* SinaWeiboUITests.m */,
				FEE62B151EAAECD40009F874 /* Info.plist */,
			);
			path = SinaWeiboUITests;
			sourceTree = "<group>";
		};
		FEE62B271EAAF8D50009F874 /* Classes */ = {
			isa = PBXGroup;
			children = (
				FEE62B831EAB0D990009F874 /* Other */,
				FEE62B281EAAF9F00009F874 /* Compose */,
				FEE62B2C1EAAF9F00009F874 /* Discover */,
				FEE62B301EAAF9F00009F874 /* Home */,
				FEE62B341EAAF9F00009F874 /* Main */,
				FEE62B381EAAF9F00009F874 /* Message */,
				FEE62B3C1EAAF9F00009F874 /* Newfeature */,
				FEE62B401EAAF9F00009F874 /* Profile */,
			);
			path = Classes;
			sourceTree = "<group>";
		};
		FEE62B281EAAF9F00009F874 /* Compose */ = {
			isa = PBXGroup;
			children = (
				FEE62B291EAAF9F00009F874 /* Controller */,
				FEE62B2A1EAAF9F00009F874 /* Model */,
				FEE62B2B1EAAF9F00009F874 /* View */,
			);
			path = Compose;
			sourceTree = "<group>";
		};
		FEE62B291EAAF9F00009F874 /* Controller */ = {
			isa = PBXGroup;
			children = (
				FEE62B441EAAFA0F0009F874 /* MyComposeViewController.h */,
				FEE62B451EAAFA0F0009F874 /* MyComposeViewController.m */,
			);
			path = Controller;
			sourceTree = "<group>";
		};
		FEE62B2A1EAAF9F00009F874 /* Model */ = {
			isa = PBXGroup;
			children = (
				FEE62B4A1EAAFA520009F874 /* MyEmotion.h */,
				FEE62B4B1EAAFA520009F874 /* MyEmotion.m */,
			);
			path = Model;
			sourceTree = "<group>";
		};
		FEE62B2B1EAAF9F00009F874 /* View */ = {
			isa = PBXGroup;
			children = (
				FEE62B471EAAFA3B0009F874 /* MyKeyboard.h */,
				FEE62B481EAAFA3B0009F874 /* MyKeyboard.m */,
			);
			path = View;
			sourceTree = "<group>";
		};
		FEE62B2C1EAAF9F00009F874 /* Discover */ = {
			isa = PBXGroup;
			children = (
				FEE62B2D1EAAF9F00009F874 /* Controller */,
				FEE62B2E1EAAF9F00009F874 /* Model */,
				FEE62B2F1EAAF9F00009F874 /* View */,
			);
			path = Discover;
			sourceTree = "<group>";
		};
		FEE62B2D1EAAF9F00009F874 /* Controller */ = {
			isa = PBXGroup;
			children = (
				FEE62B4D1EAAFA750009F874 /* MyDiscoverViewController.h */,
				FEE62B4E1EAAFA750009F874 /* MyDiscoverViewController.m */,
			);
			path = Controller;
			sourceTree = "<group>";
		};
		FEE62B2E1EAAF9F00009F874 /* Model */ = {
			isa = PBXGroup;
			children = (
				FEE62B501EAAFAC80009F874 /* MyOption.h */,
				FEE62B511EAAFAC80009F874 /* MyOption.m */,
			);
			path = Model;
			sourceTree = "<group>";
		};
		FEE62B2F1EAAF9F00009F874 /* View */ = {
			isa = PBXGroup;
			children = (
				FEE62B531EAAFAE20009F874 /* MyDiscoverCell.h */,
				FEE62B541EAAFAE20009F874 /* MyDiscoverCell.m */,
			);
			path = View;
			sourceTree = "<group>";
		};
		FEE62B301EAAF9F00009F874 /* Home */ = {
			isa = PBXGroup;
			children = (
				FEE62B311EAAF9F00009F874 /* Controller */,
				FEE62B321EAAF9F00009F874 /* Model */,
				FEE62B331EAAF9F00009F874 /* View */,
			);
			path = Home;
			sourceTree = "<group>";
		};
		FEE62B311EAAF9F00009F874 /* Controller */ = {
			isa = PBXGroup;
			children = (
				FEE62B561EAAFAFD0009F874 /* MyHomeController.h */,
				FEE62B571EAAFAFD0009F874 /* MyHomeController.m */,
			);
			path = Controller;
			sourceTree = "<group>";
		};
		FEE62B321EAAF9F00009F874 /* Model */ = {
			isa = PBXGroup;
			children = (
				FEE62B591EAAFB130009F874 /* MyStatus.h */,
				FEE62B5A1EAAFB130009F874 /* MyStatus.m */,
			);
			path = Model;
			sourceTree = "<group>";
		};
		FEE62B331EAAF9F00009F874 /* View */ = {
			isa = PBXGroup;
			children = (
				FEE62B5C1EAAFB380009F874 /* MyStatusCell.h */,
				FEE62B5D1EAAFB380009F874 /* MyStatusCell.m */,
			);
			path = View;
			sourceTree = "<group>";
		};
		FEE62B341EAAF9F00009F874 /* Main */ = {
			isa = PBXGroup;
			children = (
				FEE62B351EAAF9F00009F874 /* Controller */,
				FEE62B361EAAF9F00009F874 /* Model */,
				FEE62B371EAAF9F00009F874 /* View */,
			);
			path = Main;
			sourceTree = "<group>";
		};
		FEE62B351EAAF9F00009F874 /* Controller */ = {
			isa = PBXGroup;
			children = (
				FEE62B5F1EAAFB600009F874 /* MyMainTabBarController.h */,
				FEE62B601EAAFB600009F874 /* MyMainTabBarController.m */,
			);
			path = Controller;
			sourceTree = "<group>";
		};
		FEE62B361EAAF9F00009F874 /* Model */ = {
			isa = PBXGroup;
			children = (
				FEE62B651EAAFB8B0009F874 /* MyUserInfo.h */,
				FEE62B661EAAFB8B0009F874 /* MyUserInfo.m */,
			);
			path = Model;
			sourceTree = "<group>";
		};
		FEE62B371EAAF9F00009F874 /* View */ = {
			isa = PBXGroup;
			children = (
				FEE62B621EAAFB750009F874 /* MyTabBar.h */,
				FEE62B631EAAFB750009F874 /* MyTabBar.m */,
			);
			path = View;
			sourceTree = "<group>";
		};
		FEE62B381EAAF9F00009F874 /* Message */ = {
			isa = PBXGroup;
			children = (
				FEE62B391EAAF9F00009F874 /* Controller */,
				FEE62B3A1EAAF9F00009F874 /* Model */,
				FEE62B3B1EAAF9F00009F874 /* View */,
			);
			path = Message;
			sourceTree = "<group>";
		};
		FEE62B391EAAF9F00009F874 /* Controller */ = {
			isa = PBXGroup;
			children = (
				FEE62B681EAAFBA40009F874 /* MyMessageController.h */,
				FEE62B691EAAFBA40009F874 /* MyMessageController.m */,
			);
			path = Controller;
			sourceTree = "<group>";
		};
		FEE62B3A1EAAF9F00009F874 /* Model */ = {
			isa = PBXGroup;
			children = (
				FEE62B6E1EAAFBCD0009F874 /* MyMessaage.h */,
				FEE62B6F1EAAFBCD0009F874 /* MyMessaage.m */,
			);
			path = Model;
			sourceTree = "<group>";
		};
		FEE62B3B1EAAF9F00009F874 /* View */ = {
			isa = PBXGroup;
			children = (
				FEE62B6B1EAAFBB80009F874 /* MyMessageCell.h */,
				FEE62B6C1EAAFBB80009F874 /* MyMessageCell.m */,
			);
			path = View;
			sourceTree = "<group>";
		};
		FEE62B3C1EAAF9F00009F874 /* Newfeature */ = {
			isa = PBXGroup;
			children = (
				FEE62B3D1EAAF9F00009F874 /* Controller */,
				FEE62B3E1EAAF9F00009F874 /* Model */,
				FEE62B3F1EAAF9F00009F874 /* View */,
			);
			path = Newfeature;
			sourceTree = "<group>";
		};
		FEE62B3D1EAAF9F00009F874 /* Controller */ = {
			isa = PBXGroup;
			children = (
				FEE62B7A1EAAFC310009F874 /* MyNewfeatureController.h */,
				FEE62B7B1EAAFC310009F874 /* MyNewfeatureController.m */,
			);
			path = Controller;
			sourceTree = "<group>";
		};
		FEE62B3E1EAAF9F00009F874 /* Model */ = {
			isa = PBXGroup;
			children = (
				FEE62B801EAAFCB50009F874 /* MyFeature.h */,
				FEE62B811EAAFCB50009F874 /* MyFeature.m */,
			);
			path = Model;
			sourceTree = "<group>";
		};
		FEE62B3F1EAAF9F00009F874 /* View */ = {
			isa = PBXGroup;
			children = (
				FEE62B7D1EAAFCA00009F874 /* MyView.h */,
				FEE62B7E1EAAFCA00009F874 /* MyView.m */,
			);
			path = View;
			sourceTree = "<group>";
		};
		FEE62B401EAAF9F00009F874 /* Profile */ = {
			isa = PBXGroup;
			children = (
				FEE62B411EAAF9F00009F874 /* Controller */,
				FEE62B421EAAF9F00009F874 /* Model */,
				FEE62B431EAAF9F00009F874 /* View */,
			);
			path = Profile;
			sourceTree = "<group>";
		};
		FEE62B411EAAF9F00009F874 /* Controller */ = {
			isa = PBXGroup;
			children = (
				FEE62B711EAAFBEA0009F874 /* MyProfileController.h */,
				FEE62B721EAAFBEA0009F874 /* MyProfileController.m */,
			);
			path = Controller;
			sourceTree = "<group>";
		};
		FEE62B421EAAF9F00009F874 /* Model */ = {
			isa = PBXGroup;
			children = (
				FEE62B771EAAFC140009F874 /* MyOption.h */,
				FEE62B781EAAFC140009F874 /* MyOption.m */,
			);
			path = Model;
			sourceTree = "<group>";
		};
		FEE62B431EAAF9F00009F874 /* View */ = {
			isa = PBXGroup;
			children = (
				FEE62B741EAAFC020009F874 /* MyProfileCell.h */,
				FEE62B751EAAFC020009F874 /* MyProfileCell.m */,
			);
			path = View;
			sourceTree = "<group>";
		};
		FEE62B831EAB0D990009F874 /* Other */ = {
			isa = PBXGroup;
			children = (
				FEE62B841EAB0DC90009F874 /* AppDelegate.h */,
				FEE62B851EAB0DC90009F874 /* AppDelegate.m */,
			);
			path = Other;
			sourceTree = "<group>";
		};
/* End PBXGroup section */

/* Begin PBXNativeTarget section */
		FEE62AEA1EAAECD10009F874 /* SinaWeibo */ = {
			isa = PBXNativeTarget;
			buildConfigurationList = FEE62B181EAAECD40009F874 /* Build configuration list for PBXNativeTarget "SinaWeibo" */;
			buildPhases = (
				FEE62AE71EAAECD10009F874 /* Sources */,
				FEE62AE81EAAECD10009F874 /* Frameworks */,
				FEE62AE91EAAECD10009F874 /* Resources */,
			);
			buildRules = (
			);
			dependencies = (
			);
			name = SinaWeibo;
			productName = SinaWeibo;
			productReference = FEE62AEB1EAAECD20009F874 /* SinaWeibo.app */;
			productType = "com.apple.product-type.application";
		};
		FEE62B031EAAECD30009F874 /* SinaWeiboTests */ = {
			isa = PBXNativeTarget;
			buildConfigurationList = FEE62B1B1EAAECD40009F874 /* Build configuration list for PBXNativeTarget "SinaWeiboTests" */;
			buildPhases = (
				FEE62B001EAAECD30009F874 /* Sources */,
				FEE62B011EAAECD30009F874 /* Frameworks */,
				FEE62B021EAAECD30009F874 /* Resources */,
			);
			buildRules = (
			);
			dependencies = (
				FEE62B061EAAECD30009F874 /* PBXTargetDependency */,
			);
			name = SinaWeiboTests;
			productName = SinaWeiboTests;
			productReference = FEE62B041EAAECD30009F874 /* SinaWeiboTests.xctest */;
			productType = "com.apple.product-type.bundle.unit-test";
		};
		FEE62B0E1EAAECD40009F874 /* SinaWeiboUITests */ = {
			isa = PBXNativeTarget;
			buildConfigurationList = FEE62B1E1EAAECD40009F874 /* Build configuration list for PBXNativeTarget "SinaWeiboUITests" */;
			buildPhases = (
				FEE62B0B1EAAECD40009F874 /* Sources */,
				FEE62B0C1EAAECD40009F874 /* Frameworks */,
				FEE62B0D1EAAECD40009F874 /* Resources */,
			);
			buildRules = (
			);
			dependencies = (
				FEE62B111EAAECD40009F874 /* PBXTargetDependency */,
			);
			name = SinaWeiboUITests;
			productName = SinaWeiboUITests;
			productReference = FEE62B0F1EAAECD40009F874 /* SinaWeiboUITests.xctest */;
			productType = "com.apple.product-type.bundle.ui-testing";
		};
/* End PBXNativeTarget section */

/* Begin PBXProject section */
		FEE62AE31EAAECD10009F874 /* Project object */ = {
			isa = PBXProject;
			attributes = {
				CLASSPREFIX = My;
				LastUpgradeCheck = 0820;
				ORGANIZATIONNAME = wellgood;
				TargetAttributes = {
					FEE62AEA1EAAECD10009F874 = {
						CreatedOnToolsVersion = 8.2.1;
						ProvisioningStyle = Automatic;
					};
					FEE62B031EAAECD30009F874 = {
						CreatedOnToolsVersion = 8.2.1;
						ProvisioningStyle = Automatic;
						TestTargetID = FEE62AEA1EAAECD10009F874;
					};
					FEE62B0E1EAAECD40009F874 = {
						CreatedOnToolsVersion = 8.2.1;
						ProvisioningStyle = Automatic;
						TestTargetID = FEE62AEA1EAAECD10009F874;
					};
				};
			};
			buildConfigurationList = FEE62AE61EAAECD10009F874 /* Build configuration list for PBXProject "SinaWeibo" */;
			compatibilityVersion = "Xcode 3.2";
			developmentRegion = English;
			hasScannedForEncodings = 0;
			knownRegions = (
				en,
				Base,
			);
			mainGroup = FEE62AE21EAAECD10009F874;
			productRefGroup = FEE62AEC1EAAECD20009F874 /* Products */;
			projectDirPath = "";
			projectRoot = "";
			targets = (
				FEE62AEA1EAAECD10009F874 /* SinaWeibo */,
				FEE62B031EAAECD30009F874 /* SinaWeiboTests */,
				FEE62B0E1EAAECD40009F874 /* SinaWeiboUITests */,
			);
		};
/* End PBXProject section */

/* Begin PBXResourcesBuildPhase section */
		FEE62AE91EAAECD10009F874 /* Resources */ = {
			isa = PBXResourcesBuildPhase;
			buildActionMask = 2147483647;
			files = (
				FEE62AFE1EAAECD30009F874 /* LaunchScreen.storyboard in Resources */,
				FEE62AFB1EAAECD30009F874 /* Assets.xcassets in Resources */,
				FEE62AF91EAAECD30009F874 /* Main.storyboard in Resources */,
			);
			runOnlyForDeploymentPostprocessing = 0;
		};
		FEE62B021EAAECD30009F874 /* Resources */ = {
			isa = PBXResourcesBuildPhase;
			buildActionMask = 2147483647;
			files = (
			);
			runOnlyForDeploymentPostprocessing = 0;
		};
		FEE62B0D1EAAECD40009F874 /* Resources */ = {
			isa = PBXResourcesBuildPhase;
			buildActionMask = 2147483647;
			files = (
			);
			runOnlyForDeploymentPostprocessing = 0;
		};
/* End PBXResourcesBuildPhase section */

/* Begin PBXSourcesBuildPhase section */
		FEE62AE71EAAECD10009F874 /* Sources */ = {
			isa = PBXSourcesBuildPhase;
			buildActionMask = 2147483647;
			files = (
				FEE62B861EAB0DC90009F874 /* AppDelegate.m in Sources */,
				FEE62B761EAAFC020009F874 /* MyProfileCell.m in Sources */,
				FEE62B671EAAFB8B0009F874 /* MyUserInfo.m in Sources */,
				FEE62B791EAAFC140009F874 /* MyOption.m in Sources */,
				FEE62B731EAAFBEA0009F874 /* MyProfileController.m in Sources */,
				FEE62B6D1EAAFBB80009F874 /* MyMessageCell.m in Sources */,
				FEE62B551EAAFAE20009F874 /* MyDiscoverCell.m in Sources */,
				FEE62B581EAAFAFD0009F874 /* MyHomeController.m in Sources */,
				FEE62B701EAAFBCD0009F874 /* MyMessaage.m in Sources */,
				FEE62B4F1EAAFA750009F874 /* MyDiscoverViewController.m in Sources */,
				FEE62B521EAAFAC80009F874 /* MyOption.m in Sources */,
				FEE62B641EAAFB750009F874 /* MyTabBar.m in Sources */,
				FEE62B7F1EAAFCA00009F874 /* MyView.m in Sources */,
				FEE62B491EAAFA3B0009F874 /* MyKeyboard.m in Sources */,
				FEE62B461EAAFA0F0009F874 /* MyComposeViewController.m in Sources */,
				FEE62B6A1EAAFBA40009F874 /* MyMessageController.m in Sources */,
				FEE62B5B1EAAFB130009F874 /* MyStatus.m in Sources */,
				FEE62AF01EAAECD30009F874 /* main.m in Sources */,
				FEE62B821EAAFCB50009F874 /* MyFeature.m in Sources */,
				FEE62B7C1EAAFC310009F874 /* MyNewfeatureController.m in Sources */,
				FEE62B5E1EAAFB380009F874 /* MyStatusCell.m in Sources */,
				FEE62B4C1EAAFA520009F874 /* MyEmotion.m in Sources */,
				FEE62B611EAAFB600009F874 /* MyMainTabBarController.m in Sources */,
			);
			runOnlyForDeploymentPostprocessing = 0;
		};
		FEE62B001EAAECD30009F874 /* Sources */ = {
			isa = PBXSourcesBuildPhase;
			buildActionMask = 2147483647;
			files = (
				FEE62B091EAAECD30009F874 /* SinaWeiboTests.m in Sources */,
			);
			runOnlyForDeploymentPostprocessing = 0;
		};
		FEE62B0B1EAAECD40009F874 /* Sources */ = {
			isa = PBXSourcesBuildPhase;
			buildActionMask = 2147483647;
			files = (
				FEE62B141EAAECD40009F874 /* SinaWeiboUITests.m in Sources */,
			);
			runOnlyForDeploymentPostprocessing = 0;
		};
/* End PBXSourcesBuildPhase section */

/* Begin PBXTargetDependency section */
		FEE62B061EAAECD30009F874 /* PBXTargetDependency */ = {
			isa = PBXTargetDependency;
			target = FEE62AEA1EAAECD10009F874 /* SinaWeibo */;
			targetProxy = FEE62B051EAAECD30009F874 /* PBXContainerItemProxy */;
		};
		FEE62B111EAAECD40009F874 /* PBXTargetDependency */ = {
			isa = PBXTargetDependency;
			target = FEE62AEA1EAAECD10009F874 /* SinaWeibo */;
			targetProxy = FEE62B101EAAECD40009F874 /* PBXContainerItemProxy */;
		};
/* End PBXTargetDependency section */

/* Begin PBXVariantGroup section */
		FEE62AF71EAAECD30009F874 /* Main.storyboard */ = {
			isa = PBXVariantGroup;
			children = (
				FEE62AF81EAAECD30009F874 /* Base */,
			);
			name = Main.storyboard;
			sourceTree = "<group>";
		};
		FEE62AFC1EAAECD30009F874 /* LaunchScreen.storyboard */ = {
			isa = PBXVariantGroup;
			children = (
				FEE62AFD1EAAECD30009F874 /* Base */,
			);
			name = LaunchScreen.storyboard;
			sourceTree = "<group>";
		};
/* End PBXVariantGroup section */

/* Begin XCBuildConfiguration section */
		FEE62B161EAAECD40009F874 /* Debug */ = {
			isa = XCBuildConfiguration;
			buildSettings = {
				ALWAYS_SEARCH_USER_PATHS = NO;
				CLANG_ANALYZER_NONNULL = YES;
				CLANG_CXX_LANGUAGE_STANDARD = "gnu++0x";
				CLANG_CXX_LIBRARY = "libc++";
				CLANG_ENABLE_MODULES = YES;
				CLANG_ENABLE_OBJC_ARC = YES;
				CLANG_WARN_BOOL_CONVERSION = YES;
				CLANG_WARN_CONSTANT_CONVERSION = YES;
				CLANG_WARN_DIRECT_OBJC_ISA_USAGE = YES_ERROR;
				CLANG_WARN_DOCUMENTATION_COMMENTS = YES;
				CLANG_WARN_EMPTY_BODY = YES;
				CLANG_WARN_ENUM_CONVERSION = YES;
				CLANG_WARN_INFINITE_RECURSION = YES;
				CLANG_WARN_INT_CONVERSION = YES;
				CLANG_WARN_OBJC_ROOT_CLASS = YES_ERROR;
				CLANG_WARN_SUSPICIOUS_MOVE = YES;
				CLANG_WARN_UNREACHABLE_CODE = YES;
				CLANG_WARN__DUPLICATE_METHOD_MATCH = YES;
				"CODE_SIGN_IDENTITY[sdk=iphoneos*]" = "iPhone Developer";
				COPY_PHASE_STRIP = NO;
				DEBUG_INFORMATION_FORMAT = dwarf;
				ENABLE_STRICT_OBJC_MSGSEND = YES;
				ENABLE_TESTABILITY = YES;
				GCC_C_LANGUAGE_STANDARD = gnu99;
				GCC_DYNAMIC_NO_PIC = NO;
				GCC_NO_COMMON_BLOCKS = YES;
				GCC_OPTIMIZATION_LEVEL = 0;
				GCC_PREPROCESSOR_DEFINITIONS = (
					"DEBUG=1",
					"$(inherited)",
				);
				GCC_WARN_64_TO_32_BIT_CONVERSION = YES;
				GCC_WARN_ABOUT_RETURN_TYPE = YES_ERROR;
				GCC_WARN_UNDECLARED_SELECTOR = YES;
				GCC_WARN_UNINITIALIZED_AUTOS = YES_AGGRESSIVE;
				GCC_WARN_UNUSED_FUNCTION = YES;
				GCC_WARN_UNUSED_VARIABLE = YES;
				IPHONEOS_DEPLOYMENT_TARGET = 10.2;
				MTL_ENABLE_DEBUG_INFO = YES;
				ONLY_ACTIVE_ARCH = YES;
				SDKROOT = iphoneos;
			};
			name = Debug;
		};
		FEE62B171EAAECD40009F874 /* Release */ = {
			isa = XCBuildConfiguration;
			buildSettings = {
				ALWAYS_SEARCH_USER_PATHS = NO;
				CLANG_ANALYZER_NONNULL = YES;
				CLANG_CXX_LANGUAGE_STANDARD = "gnu++0x";
				CLANG_CXX_LIBRARY = "libc++";
				CLANG_ENABLE_MODULES = YES;
				CLANG_ENABLE_OBJC_ARC = YES;
				CLANG_WARN_BOOL_CONVERSION = YES;
				CLANG_WARN_CONSTANT_CONVERSION = YES;
				CLANG_WARN_DIRECT_OBJC_ISA_USAGE = YES_ERROR;
				CLANG_WARN_DOCUMENTATION_COMMENTS = YES;
				CLANG_WARN_EMPTY_BODY = YES;
				CLANG_WARN_ENUM_CONVERSION = YES;
				CLANG_WARN_INFINITE_RECURSION = YES;
				CLANG_WARN_INT_CONVERSION = YES;
				CLANG_WARN_OBJC_ROOT_CLASS = YES_ERROR;
				CLANG_WARN_SUSPICIOUS_MOVE = YES;
				CLANG_WARN_UNREACHABLE_CODE = YES;
				CLANG_WARN__DUPLICATE_METHOD_MATCH = YES;
				"CODE_SIGN_IDENTITY[sdk=iphoneos*]" = "iPhone Developer";
				COPY_PHASE_STRIP = NO;
				DEBUG_INFORMATION_FORMAT = "dwarf-with-dsym";
				ENABLE_NS_ASSERTIONS = NO;
				ENABLE_STRICT_OBJC_MSGSEND = YES;
				GCC_C_LANGUAGE_STANDARD = gnu99;
				GCC_NO_COMMON_BLOCKS = YES;
				GCC_WARN_64_TO_32_BIT_CONVERSION = YES;
				GCC_WARN_ABOUT_RETURN_TYPE = YES_ERROR;
				GCC_WARN_UNDECLARED_SELECTOR = YES;
				GCC_WARN_UNINITIALIZED_AUTOS = YES_AGGRESSIVE;
				GCC_WARN_UNUSED_FUNCTION = YES;
				GCC_WARN_UNUSED_VARIABLE = YES;
				IPHONEOS_DEPLOYMENT_TARGET = 10.2;
				MTL_ENABLE_DEBUG_INFO = NO;
				SDKROOT = iphoneos;
				VALIDATE_PRODUCT = YES;
			};
			name = Release;
		};
		FEE62B191EAAECD40009F874 /* Debug */ = {
			isa = XCBuildConfiguration;
			buildSettings = {
				ASSETCATALOG_COMPILER_APPICON_NAME = AppIcon;
				INFOPLIST_FILE = SinaWeibo/Info.plist;
				LD_RUNPATH_SEARCH_PATHS = "$(inherited) @executable_path/Frameworks";
				PRODUCT_BUNDLE_IDENTIFIER = com.hzwellgood.ios.SinaWeibo;
				PRODUCT_NAME = "$(TARGET_NAME)";
			};
			name = Debug;
		};
		FEE62B1A1EAAECD40009F874 /* Release */ = {
			isa = XCBuildConfiguration;
			buildSettings = {
				ASSETCATALOG_COMPILER_APPICON_NAME = AppIcon;
				INFOPLIST_FILE = SinaWeibo/Info.plist;
				LD_RUNPATH_SEARCH_PATHS = "$(inherited) @executable_path/Frameworks";
				PRODUCT_BUNDLE_IDENTIFIER = com.hzwellgood.ios.SinaWeibo;
				PRODUCT_NAME = "$(TARGET_NAME)";
			};
			name = Release;
		};
		FEE62B1C1EAAECD40009F874 /* Debug */ = {
			isa = XCBuildConfiguration;
			buildSettings = {
				BUNDLE_LOADER = "$(TEST_HOST)";
				INFOPLIST_FILE = SinaWeiboTests/Info.plist;
				LD_RUNPATH_SEARCH_PATHS = "$(inherited) @executable_path/Frameworks @loader_path/Frameworks";
				PRODUCT_BUNDLE_IDENTIFIER = com.hzwellgood.ios.SinaWeiboTests;
				PRODUCT_NAME = "$(TARGET_NAME)";
				TEST_HOST = "$(BUILT_PRODUCTS_DIR)/SinaWeibo.app/SinaWeibo";
			};
			name = Debug;
		};
		FEE62B1D1EAAECD40009F874 /* Release */ = {
			isa = XCBuildConfiguration;
			buildSettings = {
				BUNDLE_LOADER = "$(TEST_HOST)";
				INFOPLIST_FILE = SinaWeiboTests/Info.plist;
				LD_RUNPATH_SEARCH_PATHS = "$(inherited) @executable_path/Frameworks @loader_path/Frameworks";
				PRODUCT_BUNDLE_IDENTIFIER = com.hzwellgood.ios.SinaWeiboTests;
				PRODUCT_NAME = "$(TARGET_NAME)";
				TEST_HOST = "$(BUILT_PRODUCTS_DIR)/SinaWeibo.app/SinaWeibo";
			};
			name = Release;
		};
		FEE62B1F1EAAECD40009F874 /* Debug */ = {
			isa = XCBuildConfiguration;
			buildSettings = {
				INFOPLIST_FILE = SinaWeiboUITests/Info.plist;
				LD_RUNPATH_SEARCH_PATHS = "$(inherited) @executable_path/Frameworks @loader_path/Frameworks";
				PRODUCT_BUNDLE_IDENTIFIER = com.hzwellgood.ios.SinaWeiboUITests;
				PRODUCT_NAME = "$(TARGET_NAME)";
				TEST_TARGET_NAME = SinaWeibo;
			};
			name = Debug;
		};
		FEE62B201EAAECD40009F874 /* Release */ = {
			isa = XCBuildConfiguration;
			buildSettings = {
				INFOPLIST_FILE = SinaWeiboUITests/Info.plist;
				LD_RUNPATH_SEARCH_PATHS = "$(inherited) @executable_path/Frameworks @loader_path/Frameworks";
				PRODUCT_BUNDLE_IDENTIFIER = com.hzwellgood.ios.SinaWeiboUITests;
				PRODUCT_NAME = "$(TARGET_NAME)";
				TEST_TARGET_NAME = SinaWeibo;
			};
			name = Release;
		};
/* End XCBuildConfiguration section */

/* Begin XCConfigurationList section */
		FEE62AE61EAAECD10009F874 /* Build configuration list for PBXProject "SinaWeibo" */ = {
			isa = XCConfigurationList;
			buildConfigurations = (
				FEE62B161EAAECD40009F874 /* Debug */,
				FEE62B171EAAECD40009F874 /* Release */,
			);
			defaultConfigurationIsVisible = 0;
			defaultConfigurationName = Release;
		};
		FEE62B181EAAECD40009F874 /* Build configuration list for PBXNativeTarget "SinaWeibo" */ = {
			isa = XCConfigurationList;
			buildConfigurations = (
				FEE62B191EAAECD40009F874 /* Debug */,
				FEE62B1A1EAAECD40009F874 /* Release */,
			);
			defaultConfigurationIsVisible = 0;
			defaultConfigurationName = Release;
		};
		FEE62B1B1EAAECD40009F874 /* Build configuration list for PBXNativeTarget "SinaWeiboTests" */ = {
			isa = XCConfigurationList;
			buildConfigurations = (
				FEE62B1C1EAAECD40009F874 /* Debug */,
				FEE62B1D1EAAECD40009F874 /* Release */,
			);
			defaultConfigurationIsVisible = 0;
			defaultConfigurationName = Release;
		};
		FEE62B1E1EAAECD40009F874 /* Build configuration list for PBXNativeTarget "SinaWeiboUITests" */ = {
			isa = XCConfigurationList;
			buildConfigurations = (
				FEE62B1F1EAAECD40009F874 /* Debug */,
				FEE62B201EAAECD40009F874 /* Release */,
			);
			defaultConfigurationIsVisible = 0;
			defaultConfigurationName = Release;
		};
/* End XCConfigurationList section */
	};
	rootObject = FEE62AE31EAAECD10009F874 /* Project object */;
}
